
Microsoft Visual Studio Solution File, Format Version 12.00
# Visual Studio Version 16
VisualStudioVersion = 16.0.31321.278
MinimumVisualStudioVersion = 10.0.40219.1
Project("{FAE04EC0-301F-11D3-BF4B-00C04F79EFBC}") = "promotion_engine", "promotion_engine.csproj", "{991FBD5A-8008-417E-8D6B-4A438EA430F8}"
EndProject
Global
	GlobalSection(SolutionConfigurationPlatforms) = preSolution
		Debug|Any CPU = Debug|Any CPU
		Release|Any CPU = Release|Any CPU
	EndGlobalSection
	GlobalSection(ProjectConfigurationPlatforms) = postSolution
		{991FBD5A-8008-417E-8D6B-4A438EA430F8}.Debug|Any CPU.ActiveCfg = Debug|Any CPU
		{991FBD5A-8008-417E-8D6B-4A438EA430F8}.Debug|Any CPU.Build.0 = Debug|Any CPU
		{991FBD5A-8008-417E-8D6B-4A438EA430F8}.Release|Any CPU.ActiveCfg = Release|Any CPU
		{991FBD5A-8008-417E-8D6B-4A438EA430F8}.Release|Any CPU.Build.0 = Release|Any CPU
	EndGlobalSection
	GlobalSection(SolutionProperties) = preSolution
		HideSolutionNode = FALSE
	EndGlobalSection
	GlobalSection(ExtensibilityGlobals) = postSolution
		SolutionGuid = {A2E882E5-57CD-40F2-B12F-8AE3CF9D74BF}
	EndGlobalSection
EndGlobal
